// !$*UTF8*$!
{
	archiveVersion = 1;
	classes = {
	};
	objectVersion = 56;
	objects = {

/* Begin PBXBuildFile section */
		8400C1992D4B922D005DCE45 /* AppDelegate.swift in Sources */ = {isa = PBXBuildFile; fileRef = 8400C1982D4B922D005DCE45 /* AppDelegate.swift */; };
		8400C19B2D4B922D005DCE45 /* SceneDelegate.swift in Sources */ = {isa = PBXBuildFile; fileRef = 8400C19A2D4B922D005DCE45 /* SceneDelegate.swift */; };
		8400C19D2D4B922D005DCE45 /* ImagesListViewController.swift in Sources */ = {isa = PBXBuildFile; fileRef = 8400C19C2D4B922D005DCE45 /* ImagesListViewController.swift */; };
		8400C1A22D4B922F005DCE45 /* Assets.xcassets in Resources */ = {isa = PBXBuildFile; fileRef = 8400C1A12D4B922F005DCE45 /* Assets.xcassets */; };
		8400C1A52D4B922F005DCE45 /* Base in Resources */ = {isa = PBXBuildFile; fileRef = 8400C1A42D4B922F005DCE45 /* Base */; };
		84079FB62D96A74A00D1F761 /* OAuthTokenResponseBody.swift in Sources */ = {isa = PBXBuildFile; fileRef = 84079FB52D96A74A00D1F761 /* OAuthTokenResponseBody.swift */; };
		841EF8C72D65EEDF002F8922 /* URLSession+data.swift in Sources */ = {isa = PBXBuildFile; fileRef = 841EF8C62D65EEDF002F8922 /* URLSession+data.swift */; };
		8420A11A2D561E4000FA8D16 /* ProfileViewController.swift in Sources */ = {isa = PBXBuildFile; fileRef = 8420A1192D561E4000FA8D16 /* ProfileViewController.swift */; };
		8420A11C2D562A0200FA8D16 /* SingleImageViewController.swift in Sources */ = {isa = PBXBuildFile; fileRef = 8420A11B2D562A0200FA8D16 /* SingleImageViewController.swift */; };
		843B38682D888B1D00E1F393 /* UserResult.swift in Sources */ = {isa = PBXBuildFile; fileRef = 843B38672D888B1D00E1F393 /* UserResult.swift */; };
		843B386A2D888C1000E1F393 /* ProfileResult.swift in Sources */ = {isa = PBXBuildFile; fileRef = 843B38692D888C1000E1F393 /* ProfileResult.swift */; };
		843B38782D888FEC00E1F393 /* AlertPresenter.swift in Sources */ = {isa = PBXBuildFile; fileRef = 843B38772D888FEC00E1F393 /* AlertPresenter.swift */; };
		843B387A2D888FFA00E1F393 /* TabBarController.swift in Sources */ = {isa = PBXBuildFile; fileRef = 843B38792D888FFA00E1F393 /* TabBarController.swift */; };
		843B387C2D88902F00E1F393 /* Main.storyboard in Resources */ = {isa = PBXBuildFile; fileRef = 843B387B2D88902F00E1F393 /* Main.storyboard */; };
		843F80682D8486A9001F7F22 /* Kingfisher in Frameworks */ = {isa = PBXBuildFile; productRef = 843F80672D8486A9001F7F22 /* Kingfisher */; };
		843F806B2D87FBA3001F7F22 /* SwiftKeychainWrapper in Frameworks */ = {isa = PBXBuildFile; productRef = 843F806A2D87FBA3001F7F22 /* SwiftKeychainWrapper */; };
		8443C3A42D931F0000E6BAAF /* PhotoForLike.swift in Sources */ = {isa = PBXBuildFile; fileRef = 8443C3A32D931F0000E6BAAF /* PhotoForLike.swift */; };
		844A0CAB2DA1435F00498F7D /* AuthHelper.swift in Sources */ = {isa = PBXBuildFile; fileRef = 844A0CAA2DA1435F00498F7D /* AuthHelper.swift */; };
		844A0CB32DA1517A00498F7D /* WebViewTests.swift in Sources */ = {isa = PBXBuildFile; fileRef = 844A0CB22DA1517A00498F7D /* WebViewTests.swift */; };
		844A0CBA2DA1580F00498F7D /* WebViewPresenterSpy.swift in Sources */ = {isa = PBXBuildFile; fileRef = 844A0CB92DA1580F00498F7D /* WebViewPresenterSpy.swift */; };
		844A0CBC2DA158B300498F7D /* WebViewControllerSpy.swift in Sources */ = {isa = PBXBuildFile; fileRef = 844A0CBB2DA158B300498F7D /* WebViewControllerSpy.swift */; };
		8462A10A2D8044990089DE4F /* ProfileImageService.swift in Sources */ = {isa = PBXBuildFile; fileRef = 8462A1092D8044990089DE4F /* ProfileImageService.swift */; };
		846B56792D9BF63600E411E3 /* WebViewViewControllerDelegate.swift in Sources */ = {isa = PBXBuildFile; fileRef = 846B56782D9BF63600E411E3 /* WebViewViewControllerDelegate.swift */; };
		8473372B2D61E754001719BB /* AuthConfiguration.swift in Sources */ = {isa = PBXBuildFile; fileRef = 8473372A2D61E754001719BB /* AuthConfiguration.swift */; };
		8473372E2D61F2D4001719BB /* AuthViewController.swift in Sources */ = {isa = PBXBuildFile; fileRef = 8473372D2D61F2D4001719BB /* AuthViewController.swift */; };
		847337302D623535001719BB /* WebViewViewController.swift in Sources */ = {isa = PBXBuildFile; fileRef = 8473372F2D623535001719BB /* WebViewViewController.swift */; };
		847337322D634E74001719BB /* 0Auth2Service.swift in Sources */ = {isa = PBXBuildFile; fileRef = 847337312D634E74001719BB /* 0Auth2Service.swift */; };
		847B8B592D64A8680048B5B3 /* OAuthTokenStorage.swift in Sources */ = {isa = PBXBuildFile; fileRef = 847B8B582D64A8680048B5B3 /* OAuthTokenStorage.swift */; };
		847E21B22DA04203000AB9BE /* WebViewControllerProtocol.swift in Sources */ = {isa = PBXBuildFile; fileRef = 847E21B12DA04203000AB9BE /* WebViewControllerProtocol.swift */; };
		847E21B42DA042A1000AB9BE /* WebViewPresenterProtocol.swift in Sources */ = {isa = PBXBuildFile; fileRef = 847E21B32DA042A1000AB9BE /* WebViewPresenterProtocol.swift */; };
		847E21B62DA04413000AB9BE /* WebViewPresenter.swift in Sources */ = {isa = PBXBuildFile; fileRef = 847E21B52DA04413000AB9BE /* WebViewPresenter.swift */; };
		848B4D322D8C1ED500CF4057 /* ImagesListService.swift in Sources */ = {isa = PBXBuildFile; fileRef = 848B4D312D8C1ED500CF4057 /* ImagesListService.swift */; };
		848B4D342D8C1F1800CF4057 /* Photo.swift in Sources */ = {isa = PBXBuildFile; fileRef = 848B4D332D8C1F1800CF4057 /* Photo.swift */; };
		848B4D362D8C28F300CF4057 /* PhotosResult .swift in Sources */ = {isa = PBXBuildFile; fileRef = 848B4D352D8C28F300CF4057 /* PhotosResult .swift */; };
		84A0FB4D2D9453E700ECD542 /* ImagesListCellDelegate.swift in Sources */ = {isa = PBXBuildFile; fileRef = 84A0FB4C2D9453E700ECD542 /* ImagesListCellDelegate.swift */; };
		84A0FB4F2D9465D400ECD542 /* ProfileLogoutService.swift in Sources */ = {isa = PBXBuildFile; fileRef = 84A0FB4E2D9465D400ECD542 /* ProfileLogoutService.swift */; };
		84B25B2E2D6621DC00DE8850 /* SplashViewController.swift in Sources */ = {isa = PBXBuildFile; fileRef = 84B25B2D2D6621DC00DE8850 /* SplashViewController.swift */; };
		84C2016B2D78CD6800C16FE0 /* ProgressHUD in Frameworks */ = {isa = PBXBuildFile; productRef = 84C2016A2D78CD6800C16FE0 /* ProgressHUD */; };
		84C9B48C2D89E16700921489 /* ProfileImage.swift in Sources */ = {isa = PBXBuildFile; fileRef = 84C9B48B2D89E16700921489 /* ProfileImage.swift */; };
		84C9B48E2D89E19000921489 /* Profile.swift in Sources */ = {isa = PBXBuildFile; fileRef = 84C9B48D2D89E19000921489 /* Profile.swift */; };
		84E74B6E2D7C302500EE9811 /* UIBlockingProgressHUD.swift in Sources */ = {isa = PBXBuildFile; fileRef = 84E74B6D2D7C302500EE9811 /* UIBlockingProgressHUD.swift */; };
		84E74B712D7C406000EE9811 /* ProfileService.swift in Sources */ = {isa = PBXBuildFile; fileRef = 84E74B702D7C406000EE9811 /* ProfileService.swift */; };
		84F0F6732D4D1985007DB58A /* ImagesListCell.swift in Sources */ = {isa = PBXBuildFile; fileRef = 84F0F6722D4D1985007DB58A /* ImagesListCell.swift */; };
/* End PBXBuildFile section */

/* Begin PBXContainerItemProxy section */
		844A0CB42DA1517A00498F7D /* PBXContainerItemProxy */ = {
			isa = PBXContainerItemProxy;
			containerPortal = 8400C18D2D4B922D005DCE45 /* Project object */;
			proxyType = 1;
			remoteGlobalIDString = 8400C1942D4B922D005DCE45;
			remoteInfo = ImageFeed;
		};
/* End PBXContainerItemProxy section */

/* Begin PBXFileReference section */
		8400C1952D4B922D005DCE45 /* ImageFeed.app */ = {isa = PBXFileReference; explicitFileType = wrapper.application; includeInIndex = 0; path = ImageFeed.app; sourceTree = BUILT_PRODUCTS_DIR; };
		8400C1982D4B922D005DCE45 /* AppDelegate.swift */ = {isa = PBXFileReference; lastKnownFileType = sourcecode.swift; path = AppDelegate.swift; sourceTree = "<group>"; };
		8400C19A2D4B922D005DCE45 /* SceneDelegate.swift */ = {isa = PBXFileReference; lastKnownFileType = sourcecode.swift; path = SceneDelegate.swift; sourceTree = "<group>"; };
		8400C19C2D4B922D005DCE45 /* ImagesListViewController.swift */ = {isa = PBXFileReference; lastKnownFileType = sourcecode.swift; path = ImagesListViewController.swift; sourceTree = "<group>"; };
		8400C1A12D4B922F005DCE45 /* Assets.xcassets */ = {isa = PBXFileReference; lastKnownFileType = folder.assetcatalog; path = Assets.xcassets; sourceTree = "<group>"; };
		8400C1A42D4B922F005DCE45 /* Base */ = {isa = PBXFileReference; lastKnownFileType = file.storyboard; name = Base; path = Base.lproj/LaunchScreen.storyboard; sourceTree = "<group>"; };
		84079FB52D96A74A00D1F761 /* OAuthTokenResponseBody.swift */ = {isa = PBXFileReference; lastKnownFileType = sourcecode.swift; path = OAuthTokenResponseBody.swift; sourceTree = "<group>"; };
		841EF8C62D65EEDF002F8922 /* URLSession+data.swift */ = {isa = PBXFileReference; lastKnownFileType = sourcecode.swift; path = "URLSession+data.swift"; sourceTree = "<group>"; };
		8420A1192D561E4000FA8D16 /* ProfileViewController.swift */ = {isa = PBXFileReference; lastKnownFileType = sourcecode.swift; path = ProfileViewController.swift; sourceTree = "<group>"; };
		8420A11B2D562A0200FA8D16 /* SingleImageViewController.swift */ = {isa = PBXFileReference; lastKnownFileType = sourcecode.swift; path = SingleImageViewController.swift; sourceTree = "<group>"; };
		843B38672D888B1D00E1F393 /* UserResult.swift */ = {isa = PBXFileReference; lastKnownFileType = sourcecode.swift; path = UserResult.swift; sourceTree = "<group>"; };
		843B38692D888C1000E1F393 /* ProfileResult.swift */ = {isa = PBXFileReference; lastKnownFileType = sourcecode.swift; path = ProfileResult.swift; sourceTree = "<group>"; };
		843B386B2D888E4700E1F393 /* Info.plist */ = {isa = PBXFileReference; fileEncoding = 4; lastKnownFileType = text.plist.xml; path = Info.plist; sourceTree = "<group>"; };
		843B38772D888FEC00E1F393 /* AlertPresenter.swift */ = {isa = PBXFileReference; fileEncoding = 4; lastKnownFileType = sourcecode.swift; path = AlertPresenter.swift; sourceTree = "<group>"; };
		843B38792D888FFA00E1F393 /* TabBarController.swift */ = {isa = PBXFileReference; fileEncoding = 4; lastKnownFileType = sourcecode.swift; path = TabBarController.swift; sourceTree = "<group>"; };
		843B387B2D88902F00E1F393 /* Main.storyboard */ = {isa = PBXFileReference; fileEncoding = 4; lastKnownFileType = file.storyboard; path = Main.storyboard; sourceTree = "<group>"; };
		8443C3A32D931F0000E6BAAF /* PhotoForLike.swift */ = {isa = PBXFileReference; lastKnownFileType = sourcecode.swift; path = PhotoForLike.swift; sourceTree = "<group>"; };
		844A0CAA2DA1435F00498F7D /* AuthHelper.swift */ = {isa = PBXFileReference; lastKnownFileType = sourcecode.swift; path = AuthHelper.swift; sourceTree = "<group>"; };
		844A0CB02DA1517A00498F7D /* ImageFeedTests.xctest */ = {isa = PBXFileReference; explicitFileType = wrapper.cfbundle; includeInIndex = 0; path = ImageFeedTests.xctest; sourceTree = BUILT_PRODUCTS_DIR; };
		844A0CB22DA1517A00498F7D /* WebViewTests.swift */ = {isa = PBXFileReference; lastKnownFileType = sourcecode.swift; path = WebViewTests.swift; sourceTree = "<group>"; };
		844A0CB92DA1580F00498F7D /* WebViewPresenterSpy.swift */ = {isa = PBXFileReference; lastKnownFileType = sourcecode.swift; path = WebViewPresenterSpy.swift; sourceTree = "<group>"; };
		844A0CBB2DA158B300498F7D /* WebViewControllerSpy.swift */ = {isa = PBXFileReference; lastKnownFileType = sourcecode.swift; path = WebViewControllerSpy.swift; sourceTree = "<group>"; };
		8462A1092D8044990089DE4F /* ProfileImageService.swift */ = {isa = PBXFileReference; lastKnownFileType = sourcecode.swift; path = ProfileImageService.swift; sourceTree = "<group>"; };
		846B56782D9BF63600E411E3 /* WebViewViewControllerDelegate.swift */ = {isa = PBXFileReference; lastKnownFileType = sourcecode.swift; path = WebViewViewControllerDelegate.swift; sourceTree = "<group>"; };
		8473372A2D61E754001719BB /* AuthConfiguration.swift */ = {isa = PBXFileReference; lastKnownFileType = sourcecode.swift; path = AuthConfiguration.swift; sourceTree = "<group>"; };
		8473372D2D61F2D4001719BB /* AuthViewController.swift */ = {isa = PBXFileReference; lastKnownFileType = sourcecode.swift; path = AuthViewController.swift; sourceTree = "<group>"; };
		8473372F2D623535001719BB /* WebViewViewController.swift */ = {isa = PBXFileReference; lastKnownFileType = sourcecode.swift; path = WebViewViewController.swift; sourceTree = "<group>"; };
		847337312D634E74001719BB /* 0Auth2Service.swift */ = {isa = PBXFileReference; lastKnownFileType = sourcecode.swift; path = 0Auth2Service.swift; sourceTree = "<group>"; };
		847B8B582D64A8680048B5B3 /* OAuthTokenStorage.swift */ = {isa = PBXFileReference; lastKnownFileType = sourcecode.swift; path = OAuthTokenStorage.swift; sourceTree = "<group>"; };
		847E21B12DA04203000AB9BE /* WebViewControllerProtocol.swift */ = {isa = PBXFileReference; lastKnownFileType = sourcecode.swift; path = WebViewControllerProtocol.swift; sourceTree = "<group>"; };
		847E21B32DA042A1000AB9BE /* WebViewPresenterProtocol.swift */ = {isa = PBXFileReference; lastKnownFileType = sourcecode.swift; path = WebViewPresenterProtocol.swift; sourceTree = "<group>"; };
		847E21B52DA04413000AB9BE /* WebViewPresenter.swift */ = {isa = PBXFileReference; lastKnownFileType = sourcecode.swift; path = WebViewPresenter.swift; sourceTree = "<group>"; };
		848B4D312D8C1ED500CF4057 /* ImagesListService.swift */ = {isa = PBXFileReference; lastKnownFileType = sourcecode.swift; path = ImagesListService.swift; sourceTree = "<group>"; };
		848B4D332D8C1F1800CF4057 /* Photo.swift */ = {isa = PBXFileReference; lastKnownFileType = sourcecode.swift; path = Photo.swift; sourceTree = "<group>"; };
		848B4D352D8C28F300CF4057 /* PhotosResult .swift */ = {isa = PBXFileReference; lastKnownFileType = sourcecode.swift; path = "PhotosResult .swift"; sourceTree = "<group>"; };
		84A0FB4C2D9453E700ECD542 /* ImagesListCellDelegate.swift */ = {isa = PBXFileReference; lastKnownFileType = sourcecode.swift; path = ImagesListCellDelegate.swift; sourceTree = "<group>"; };
		84A0FB4E2D9465D400ECD542 /* ProfileLogoutService.swift */ = {isa = PBXFileReference; lastKnownFileType = sourcecode.swift; path = ProfileLogoutService.swift; sourceTree = "<group>"; };
		84B25B2D2D6621DC00DE8850 /* SplashViewController.swift */ = {isa = PBXFileReference; lastKnownFileType = sourcecode.swift; path = SplashViewController.swift; sourceTree = "<group>"; };
		84C9B48B2D89E16700921489 /* ProfileImage.swift */ = {isa = PBXFileReference; lastKnownFileType = sourcecode.swift; path = ProfileImage.swift; sourceTree = "<group>"; };
		84C9B48D2D89E19000921489 /* Profile.swift */ = {isa = PBXFileReference; lastKnownFileType = sourcecode.swift; path = Profile.swift; sourceTree = "<group>"; };
		84E74B6D2D7C302500EE9811 /* UIBlockingProgressHUD.swift */ = {isa = PBXFileReference; lastKnownFileType = sourcecode.swift; path = UIBlockingProgressHUD.swift; sourceTree = "<group>"; };
		84E74B702D7C406000EE9811 /* ProfileService.swift */ = {isa = PBXFileReference; lastKnownFileType = sourcecode.swift; path = ProfileService.swift; sourceTree = "<group>"; };
		84F0F6722D4D1985007DB58A /* ImagesListCell.swift */ = {isa = PBXFileReference; lastKnownFileType = sourcecode.swift; path = ImagesListCell.swift; sourceTree = "<group>"; };
/* End PBXFileReference section */

/* Begin PBXFrameworksBuildPhase section */
		8400C1922D4B922D005DCE45 /* Frameworks */ = {
			isa = PBXFrameworksBuildPhase;
			buildActionMask = 2147483647;
			files = (
				843F80682D8486A9001F7F22 /* Kingfisher in Frameworks */,
				84C2016B2D78CD6800C16FE0 /* ProgressHUD in Frameworks */,
				843F806B2D87FBA3001F7F22 /* SwiftKeychainWrapper in Frameworks */,
			);
			runOnlyForDeploymentPostprocessing = 0;
		};
		844A0CAD2DA1517A00498F7D /* Frameworks */ = {
			isa = PBXFrameworksBuildPhase;
			buildActionMask = 2147483647;
			files = (
			);
			runOnlyForDeploymentPostprocessing = 0;
		};
/* End PBXFrameworksBuildPhase section */

/* Begin PBXGroup section */
		8400C18C2D4B922D005DCE45 = {
			isa = PBXGroup;
			children = (
				843B387D2D88906C00E1F393 /* Services  */,
				84B25B302D674F8A00DE8850 /* Helpers  */,
				84B25B2F2D674F7300DE8850 /* OAuth2 */,
				8473372C2D61F2BD001719BB /* Auth */,
				843B38622D88899E00E1F393 /* WebViewController */,
				84B25B2C2D6621C000DE8850 /* SplashViewController  */,
				8420A1162D56054300FA8D16 /* Profile */,
				84F0F6742D4D19BB007DB58A /* ImagesList */,
				8420A11D2D56377C00FA8D16 /* SingleImageView */,
				8400C1972D4B922D005DCE45 /* ImageFeed */,
				843B38632D888A3600E1F393 /* LaunchScreen */,
				843B38652D888A7B00E1F393 /* Helpers */,
				844A0CB12DA1517A00498F7D /* ImageFeedTests */,
				8400C1962D4B922D005DCE45 /* Products */,
			);
			sourceTree = "<group>";
		};
		8400C1962D4B922D005DCE45 /* Products */ = {
			isa = PBXGroup;
			children = (
				8400C1952D4B922D005DCE45 /* ImageFeed.app */,
				844A0CB02DA1517A00498F7D /* ImageFeedTests.xctest */,
			);
			name = Products;
			sourceTree = "<group>";
		};
		8400C1972D4B922D005DCE45 /* ImageFeed */ = {
			isa = PBXGroup;
			children = (
				843B38792D888FFA00E1F393 /* TabBarController.swift */,
				843B38772D888FEC00E1F393 /* AlertPresenter.swift */,
				843B387B2D88902F00E1F393 /* Main.storyboard */,
				843B386B2D888E4700E1F393 /* Info.plist */,
			);
			path = ImageFeed;
			sourceTree = "<group>";
		};
		84079FB42D96A73B00D1F761 /* Models */ = {
			isa = PBXGroup;
			children = (
				84079FB52D96A74A00D1F761 /* OAuthTokenResponseBody.swift */,
			);
			path = Models;
			sourceTree = "<group>";
		};
		8420A1162D56054300FA8D16 /* Profile */ = {
			isa = PBXGroup;
			children = (
				84E74B702D7C406000EE9811 /* ProfileService.swift */,
				8462A1092D8044990089DE4F /* ProfileImageService.swift */,
				8420A1192D561E4000FA8D16 /* ProfileViewController.swift */,
				84A0FB4E2D9465D400ECD542 /* ProfileLogoutService.swift */,
				843B38662D888AE100E1F393 /* Models */,
			);
			path = Profile;
			sourceTree = "<group>";
		};
		8420A11D2D56377C00FA8D16 /* SingleImageView */ = {
			isa = PBXGroup;
			children = (
				8420A11B2D562A0200FA8D16 /* SingleImageViewController.swift */,
			);
			path = SingleImageView;
			sourceTree = "<group>";
		};
		843B38622D88899E00E1F393 /* WebViewController */ = {
			isa = PBXGroup;
			children = (
				846B56782D9BF63600E411E3 /* WebViewViewControllerDelegate.swift */,
				847E21B12DA04203000AB9BE /* WebViewControllerProtocol.swift */,
				847E21B32DA042A1000AB9BE /* WebViewPresenterProtocol.swift */,
				847E21B52DA04413000AB9BE /* WebViewPresenter.swift */,
				8473372F2D623535001719BB /* WebViewViewController.swift */,
			);
			path = WebViewController;
			sourceTree = "<group>";
		};
		843B38632D888A3600E1F393 /* LaunchScreen */ = {
			isa = PBXGroup;
			children = (
				8400C1A32D4B922F005DCE45 /* LaunchScreen.storyboard */,
			);
			path = LaunchScreen;
			sourceTree = "<group>";
		};
		843B38652D888A7B00E1F393 /* Helpers */ = {
			isa = PBXGroup;
			children = (
				8400C1A12D4B922F005DCE45 /* Assets.xcassets */,
			);
			path = Helpers;
			sourceTree = "<group>";
		};
		843B38662D888AE100E1F393 /* Models */ = {
			isa = PBXGroup;
			children = (
				843B38672D888B1D00E1F393 /* UserResult.swift */,
				84C9B48B2D89E16700921489 /* ProfileImage.swift */,
				843B38692D888C1000E1F393 /* ProfileResult.swift */,
				84C9B48D2D89E19000921489 /* Profile.swift */,
			);
			path = Models;
			sourceTree = "<group>";
		};
		843B387D2D88906C00E1F393 /* Services  */ = {
			isa = PBXGroup;
			children = (
				8400C19A2D4B922D005DCE45 /* SceneDelegate.swift */,
				8400C1982D4B922D005DCE45 /* AppDelegate.swift */,
				84E74B6D2D7C302500EE9811 /* UIBlockingProgressHUD.swift */,
			);
			path = "Services ";
			sourceTree = "<group>";
		};
		844A0CB12DA1517A00498F7D /* ImageFeedTests */ = {
			isa = PBXGroup;
			children = (
				844A0CB92DA1580F00498F7D /* WebViewPresenterSpy.swift */,
				844A0CBB2DA158B300498F7D /* WebViewControllerSpy.swift */,
				844A0CB22DA1517A00498F7D /* WebViewTests.swift */,
			);
			path = ImageFeedTests;
			sourceTree = "<group>";
		};
		8473372C2D61F2BD001719BB /* Auth */ = {
			isa = PBXGroup;
			children = (
				8473372D2D61F2D4001719BB /* AuthViewController.swift */,
			);
			path = Auth;
			sourceTree = "<group>";
		};
		848B4D302D8C1EA800CF4057 /* Models */ = {
			isa = PBXGroup;
			children = (
				848B4D332D8C1F1800CF4057 /* Photo.swift */,
				848B4D352D8C28F300CF4057 /* PhotosResult .swift */,
				8443C3A32D931F0000E6BAAF /* PhotoForLike.swift */,
			);
			path = Models;
			sourceTree = "<group>";
		};
		84B25B2C2D6621C000DE8850 /* SplashViewController  */ = {
			isa = PBXGroup;
			children = (
				84B25B2D2D6621DC00DE8850 /* SplashViewController.swift */,
			);
			path = "SplashViewController ";
			sourceTree = "<group>";
		};
		84B25B2F2D674F7300DE8850 /* OAuth2 */ = {
			isa = PBXGroup;
			children = (
				84079FB42D96A73B00D1F761 /* Models */,
				847337312D634E74001719BB /* 0Auth2Service.swift */,
				847B8B582D64A8680048B5B3 /* OAuthTokenStorage.swift */,
			);
			path = OAuth2;
			sourceTree = "<group>";
		};
		84B25B302D674F8A00DE8850 /* Helpers  */ = {
			isa = PBXGroup;
			children = (
				841EF8C62D65EEDF002F8922 /* URLSession+data.swift */,
				8473372A2D61E754001719BB /* AuthConfiguration.swift */,
				844A0CAA2DA1435F00498F7D /* AuthHelper.swift */,
			);
			path = "Helpers ";
			sourceTree = "<group>";
		};
		84F0F6742D4D19BB007DB58A /* ImagesList */ = {
			isa = PBXGroup;
			children = (
				848B4D302D8C1EA800CF4057 /* Models */,
				84A0FB4C2D9453E700ECD542 /* ImagesListCellDelegate.swift */,
				848B4D312D8C1ED500CF4057 /* ImagesListService.swift */,
				84F0F6722D4D1985007DB58A /* ImagesListCell.swift */,
				8400C19C2D4B922D005DCE45 /* ImagesListViewController.swift */,
			);
			path = ImagesList;
			sourceTree = "<group>";
		};
/* End PBXGroup section */

/* Begin PBXNativeTarget section */
		8400C1942D4B922D005DCE45 /* ImageFeed */ = {
			isa = PBXNativeTarget;
			buildConfigurationList = 8400C1A92D4B922F005DCE45 /* Build configuration list for PBXNativeTarget "ImageFeed" */;
			buildPhases = (
				8400C1912D4B922D005DCE45 /* Sources */,
				8400C1922D4B922D005DCE45 /* Frameworks */,
				8400C1932D4B922D005DCE45 /* Resources */,
			);
			buildRules = (
			);
			dependencies = (
			);
			name = ImageFeed;
			packageProductDependencies = (
				84C2016A2D78CD6800C16FE0 /* ProgressHUD */,
				843F80672D8486A9001F7F22 /* Kingfisher */,
				843F806A2D87FBA3001F7F22 /* SwiftKeychainWrapper */,
			);
			productName = ImageFeed;
			productReference = 8400C1952D4B922D005DCE45 /* ImageFeed.app */;
			productType = "com.apple.product-type.application";
		};
		844A0CAF2DA1517A00498F7D /* ImageFeedTests */ = {
			isa = PBXNativeTarget;
			buildConfigurationList = 844A0CB62DA1517A00498F7D /* Build configuration list for PBXNativeTarget "ImageFeedTests" */;
			buildPhases = (
				844A0CAC2DA1517A00498F7D /* Sources */,
				844A0CAD2DA1517A00498F7D /* Frameworks */,
				844A0CAE2DA1517A00498F7D /* Resources */,
			);
			buildRules = (
			);
			dependencies = (
				844A0CB52DA1517A00498F7D /* PBXTargetDependency */,
			);
			name = ImageFeedTests;
			productName = ImageFeedTests;
			productReference = 844A0CB02DA1517A00498F7D /* ImageFeedTests.xctest */;
			productType = "com.apple.product-type.bundle.unit-test";
		};
/* End PBXNativeTarget section */

/* Begin PBXProject section */
		8400C18D2D4B922D005DCE45 /* Project object */ = {
			isa = PBXProject;
			attributes = {
				BuildIndependentTargetsInParallel = 1;
				LastSwiftUpdateCheck = 1540;
				LastUpgradeCheck = 1540;
				TargetAttributes = {
					8400C1942D4B922D005DCE45 = {
						CreatedOnToolsVersion = 15.4;
					};
					844A0CAF2DA1517A00498F7D = {
						CreatedOnToolsVersion = 15.4;
						TestTargetID = 8400C1942D4B922D005DCE45;
					};
				};
			};
			buildConfigurationList = 8400C1902D4B922D005DCE45 /* Build configuration list for PBXProject "ImageFeed" */;
			compatibilityVersion = "Xcode 14.0";
			developmentRegion = en;
			hasScannedForEncodings = 0;
			knownRegions = (
				en,
				Base,
			);
			mainGroup = 8400C18C2D4B922D005DCE45;
			packageReferences = (
				84C201692D78CD6800C16FE0 /* XCRemoteSwiftPackageReference "ProgressHUD" */,
				843F80602D843E91001F7F22 /* XCRemoteSwiftPackageReference "Kingfisher" */,
				843F80692D87FBA3001F7F22 /* XCRemoteSwiftPackageReference "SwiftKeychainWrapper" */,
			);
			productRefGroup = 8400C1962D4B922D005DCE45 /* Products */;
			projectDirPath = "";
			projectRoot = "";
			targets = (
				8400C1942D4B922D005DCE45 /* ImageFeed */,
				844A0CAF2DA1517A00498F7D /* ImageFeedTests */,
			);
		};
/* End PBXProject section */

/* Begin PBXResourcesBuildPhase section */
		8400C1932D4B922D005DCE45 /* Resources */ = {
			isa = PBXResourcesBuildPhase;
			buildActionMask = 2147483647;
			files = (
				843B387C2D88902F00E1F393 /* Main.storyboard in Resources */,
				8400C1A22D4B922F005DCE45 /* Assets.xcassets in Resources */,
				8400C1A52D4B922F005DCE45 /* Base in Resources */,
			);
			runOnlyForDeploymentPostprocessing = 0;
		};
		844A0CAE2DA1517A00498F7D /* Resources */ = {
			isa = PBXResourcesBuildPhase;
			buildActionMask = 2147483647;
			files = (
			);
			runOnlyForDeploymentPostprocessing = 0;
		};
/* End PBXResourcesBuildPhase section */

/* Begin PBXSourcesBuildPhase section */
		8400C1912D4B922D005DCE45 /* Sources */ = {
			isa = PBXSourcesBuildPhase;
			buildActionMask = 2147483647;
			files = (
				848B4D342D8C1F1800CF4057 /* Photo.swift in Sources */,
				8400C19D2D4B922D005DCE45 /* ImagesListViewController.swift in Sources */,
				84A0FB4D2D9453E700ECD542 /* ImagesListCellDelegate.swift in Sources */,
				848B4D322D8C1ED500CF4057 /* ImagesListService.swift in Sources */,
				848B4D362D8C28F300CF4057 /* PhotosResult .swift in Sources */,
				84F0F6732D4D1985007DB58A /* ImagesListCell.swift in Sources */,
				8420A11A2D561E4000FA8D16 /* ProfileViewController.swift in Sources */,
				8400C1992D4B922D005DCE45 /* AppDelegate.swift in Sources */,
				8473372E2D61F2D4001719BB /* AuthViewController.swift in Sources */,
				8473372B2D61E754001719BB /* AuthConfiguration.swift in Sources */,
				847E21B62DA04413000AB9BE /* WebViewPresenter.swift in Sources */,
				84079FB62D96A74A00D1F761 /* OAuthTokenResponseBody.swift in Sources */,
				8443C3A42D931F0000E6BAAF /* PhotoForLike.swift in Sources */,
				8462A10A2D8044990089DE4F /* ProfileImageService.swift in Sources */,
				84B25B2E2D6621DC00DE8850 /* SplashViewController.swift in Sources */,
				844A0CAB2DA1435F00498F7D /* AuthHelper.swift in Sources */,
				8420A11C2D562A0200FA8D16 /* SingleImageViewController.swift in Sources */,
				847B8B592D64A8680048B5B3 /* OAuthTokenStorage.swift in Sources */,
				841EF8C72D65EEDF002F8922 /* URLSession+data.swift in Sources */,
				847E21B22DA04203000AB9BE /* WebViewControllerProtocol.swift in Sources */,
				847337322D634E74001719BB /* 0Auth2Service.swift in Sources */,
				847337302D623535001719BB /* WebViewViewController.swift in Sources */,
				843B387A2D888FFA00E1F393 /* TabBarController.swift in Sources */,
				843B38682D888B1D00E1F393 /* UserResult.swift in Sources */,
				846B56792D9BF63600E411E3 /* WebViewViewControllerDelegate.swift in Sources */,
				8400C19B2D4B922D005DCE45 /* SceneDelegate.swift in Sources */,
				84C9B48C2D89E16700921489 /* ProfileImage.swift in Sources */,
				843B38782D888FEC00E1F393 /* AlertPresenter.swift in Sources */,
				84E74B6E2D7C302500EE9811 /* UIBlockingProgressHUD.swift in Sources */,
				84C9B48E2D89E19000921489 /* Profile.swift in Sources */,
				847E21B42DA042A1000AB9BE /* WebViewPresenterProtocol.swift in Sources */,
				84A0FB4F2D9465D400ECD542 /* ProfileLogoutService.swift in Sources */,
				843B386A2D888C1000E1F393 /* ProfileResult.swift in Sources */,
				84E74B712D7C406000EE9811 /* ProfileService.swift in Sources */,
			);
			runOnlyForDeploymentPostprocessing = 0;
		};
		844A0CAC2DA1517A00498F7D /* Sources */ = {
			isa = PBXSourcesBuildPhase;
			buildActionMask = 2147483647;
			files = (
				844A0CB32DA1517A00498F7D /* WebViewTests.swift in Sources */,
				844A0CBC2DA158B300498F7D /* WebViewControllerSpy.swift in Sources */,
				844A0CBA2DA1580F00498F7D /* WebViewPresenterSpy.swift in Sources */,
			);
			runOnlyForDeploymentPostprocessing = 0;
		};
/* End PBXSourcesBuildPhase section */

/* Begin PBXTargetDependency section */
		844A0CB52DA1517A00498F7D /* PBXTargetDependency */ = {
			isa = PBXTargetDependency;
			target = 8400C1942D4B922D005DCE45 /* ImageFeed */;
			targetProxy = 844A0CB42DA1517A00498F7D /* PBXContainerItemProxy */;
		};
/* End PBXTargetDependency section */

/* Begin PBXVariantGroup section */
		8400C1A32D4B922F005DCE45 /* LaunchScreen.storyboard */ = {
			isa = PBXVariantGroup;
			children = (
				8400C1A42D4B922F005DCE45 /* Base */,
			);
			name = LaunchScreen.storyboard;
			sourceTree = "<group>";
		};
/* End PBXVariantGroup section */

/* Begin XCBuildConfiguration section */
		8400C1A72D4B922F005DCE45 /* Debug */ = {
			isa = XCBuildConfiguration;
			buildSettings = {
				ALWAYS_SEARCH_USER_PATHS = NO;
				ASSETCATALOG_COMPILER_GENERATE_SWIFT_ASSET_SYMBOL_EXTENSIONS = YES;
				CLANG_ANALYZER_NONNULL = YES;
				CLANG_ANALYZER_NUMBER_OBJECT_CONVERSION = YES_AGGRESSIVE;
				CLANG_CXX_LANGUAGE_STANDARD = "gnu++20";
				CLANG_ENABLE_MODULES = YES;
				CLANG_ENABLE_OBJC_ARC = YES;
				CLANG_ENABLE_OBJC_WEAK = YES;
				CLANG_WARN_BLOCK_CAPTURE_AUTORELEASING = YES;
				CLANG_WARN_BOOL_CONVERSION = YES;
				CLANG_WARN_COMMA = YES;
				CLANG_WARN_CONSTANT_CONVERSION = YES;
				CLANG_WARN_DEPRECATED_OBJC_IMPLEMENTATIONS = YES;
				CLANG_WARN_DIRECT_OBJC_ISA_USAGE = YES_ERROR;
				CLANG_WARN_DOCUMENTATION_COMMENTS = YES;
				CLANG_WARN_EMPTY_BODY = YES;
				CLANG_WARN_ENUM_CONVERSION = YES;
				CLANG_WARN_INFINITE_RECURSION = YES;
				CLANG_WARN_INT_CONVERSION = YES;
				CLANG_WARN_NON_LITERAL_NULL_CONVERSION = YES;
				CLANG_WARN_OBJC_IMPLICIT_RETAIN_SELF = YES;
				CLANG_WARN_OBJC_LITERAL_CONVERSION = YES;
				CLANG_WARN_OBJC_ROOT_CLASS = YES_ERROR;
				CLANG_WARN_QUOTED_INCLUDE_IN_FRAMEWORK_HEADER = YES;
				CLANG_WARN_RANGE_LOOP_ANALYSIS = YES;
				CLANG_WARN_STRICT_PROTOTYPES = YES;
				CLANG_WARN_SUSPICIOUS_MOVE = YES;
				CLANG_WARN_UNGUARDED_AVAILABILITY = YES_AGGRESSIVE;
				CLANG_WARN_UNREACHABLE_CODE = YES;
				CLANG_WARN__DUPLICATE_METHOD_MATCH = YES;
				COPY_PHASE_STRIP = NO;
				DEBUG_INFORMATION_FORMAT = dwarf;
				ENABLE_STRICT_OBJC_MSGSEND = YES;
				ENABLE_TESTABILITY = YES;
				ENABLE_USER_SCRIPT_SANDBOXING = YES;
				GCC_C_LANGUAGE_STANDARD = gnu17;
				GCC_DYNAMIC_NO_PIC = NO;
				GCC_NO_COMMON_BLOCKS = YES;
				GCC_OPTIMIZATION_LEVEL = 0;
				GCC_PREPROCESSOR_DEFINITIONS = (
					"DEBUG=1",
					"$(inherited)",
				);
				GCC_WARN_64_TO_32_BIT_CONVERSION = YES;
				GCC_WARN_ABOUT_RETURN_TYPE = YES_ERROR;
				GCC_WARN_UNDECLARED_SELECTOR = YES;
				GCC_WARN_UNINITIALIZED_AUTOS = YES_AGGRESSIVE;
				GCC_WARN_UNUSED_FUNCTION = YES;
				GCC_WARN_UNUSED_VARIABLE = YES;
				IPHONEOS_DEPLOYMENT_TARGET = 13.0;
				LOCALIZATION_PREFERS_STRING_CATALOGS = YES;
				MTL_ENABLE_DEBUG_INFO = INCLUDE_SOURCE;
				MTL_FAST_MATH = YES;
				ONLY_ACTIVE_ARCH = YES;
				SDKROOT = iphoneos;
				SWIFT_ACTIVE_COMPILATION_CONDITIONS = "DEBUG $(inherited)";
				SWIFT_OPTIMIZATION_LEVEL = "-Onone";
			};
			name = Debug;
		};
		8400C1A82D4B922F005DCE45 /* Release */ = {
			isa = XCBuildConfiguration;
			buildSettings = {
				ALWAYS_SEARCH_USER_PATHS = NO;
				ASSETCATALOG_COMPILER_GENERATE_SWIFT_ASSET_SYMBOL_EXTENSIONS = YES;
				CLANG_ANALYZER_NONNULL = YES;
				CLANG_ANALYZER_NUMBER_OBJECT_CONVERSION = YES_AGGRESSIVE;
				CLANG_CXX_LANGUAGE_STANDARD = "gnu++20";
				CLANG_ENABLE_MODULES = YES;
				CLANG_ENABLE_OBJC_ARC = YES;
				CLANG_ENABLE_OBJC_WEAK = YES;
				CLANG_WARN_BLOCK_CAPTURE_AUTORELEASING = YES;
				CLANG_WARN_BOOL_CONVERSION = YES;
				CLANG_WARN_COMMA = YES;
				CLANG_WARN_CONSTANT_CONVERSION = YES;
				CLANG_WARN_DEPRECATED_OBJC_IMPLEMENTATIONS = YES;
				CLANG_WARN_DIRECT_OBJC_ISA_USAGE = YES_ERROR;
				CLANG_WARN_DOCUMENTATION_COMMENTS = YES;
				CLANG_WARN_EMPTY_BODY = YES;
				CLANG_WARN_ENUM_CONVERSION = YES;
				CLANG_WARN_INFINITE_RECURSION = YES;
				CLANG_WARN_INT_CONVERSION = YES;
				CLANG_WARN_NON_LITERAL_NULL_CONVERSION = YES;
				CLANG_WARN_OBJC_IMPLICIT_RETAIN_SELF = YES;
				CLANG_WARN_OBJC_LITERAL_CONVERSION = YES;
				CLANG_WARN_OBJC_ROOT_CLASS = YES_ERROR;
				CLANG_WARN_QUOTED_INCLUDE_IN_FRAMEWORK_HEADER = YES;
				CLANG_WARN_RANGE_LOOP_ANALYSIS = YES;
				CLANG_WARN_STRICT_PROTOTYPES = YES;
				CLANG_WARN_SUSPICIOUS_MOVE = YES;
				CLANG_WARN_UNGUARDED_AVAILABILITY = YES_AGGRESSIVE;
				CLANG_WARN_UNREACHABLE_CODE = YES;
				CLANG_WARN__DUPLICATE_METHOD_MATCH = YES;
				COPY_PHASE_STRIP = NO;
				DEBUG_INFORMATION_FORMAT = "dwarf-with-dsym";
				ENABLE_NS_ASSERTIONS = NO;
				ENABLE_STRICT_OBJC_MSGSEND = YES;
				ENABLE_USER_SCRIPT_SANDBOXING = YES;
				GCC_C_LANGUAGE_STANDARD = gnu17;
				GCC_NO_COMMON_BLOCKS = YES;
				GCC_WARN_64_TO_32_BIT_CONVERSION = YES;
				GCC_WARN_ABOUT_RETURN_TYPE = YES_ERROR;
				GCC_WARN_UNDECLARED_SELECTOR = YES;
				GCC_WARN_UNINITIALIZED_AUTOS = YES_AGGRESSIVE;
				GCC_WARN_UNUSED_FUNCTION = YES;
				GCC_WARN_UNUSED_VARIABLE = YES;
				IPHONEOS_DEPLOYMENT_TARGET = 13.0;
				LOCALIZATION_PREFERS_STRING_CATALOGS = YES;
				MTL_ENABLE_DEBUG_INFO = NO;
				MTL_FAST_MATH = YES;
				SDKROOT = iphoneos;
				SWIFT_COMPILATION_MODE = wholemodule;
				VALIDATE_PRODUCT = YES;
			};
			name = Release;
		};
		8400C1AA2D4B922F005DCE45 /* Debug */ = {
			isa = XCBuildConfiguration;
			buildSettings = {
				ASSETCATALOG_COMPILER_APPICON_NAME = AppIcon;
				ASSETCATALOG_COMPILER_GLOBAL_ACCENT_COLOR_NAME = AccentColor;
				CODE_SIGN_STYLE = Automatic;
				CURRENT_PROJECT_VERSION = 1;
				DEVELOPMENT_TEAM = V65FFL4V3Y;
				GENERATE_INFOPLIST_FILE = YES;
				INFOPLIST_FILE = ImageFeed/Info.plist;
				INFOPLIST_KEY_UIApplicationSupportsIndirectInputEvents = YES;
				INFOPLIST_KEY_UILaunchStoryboardName = LaunchScreen;
				INFOPLIST_KEY_UIMainStoryboardFile = Main;
				INFOPLIST_KEY_UISupportedInterfaceOrientations = UIInterfaceOrientationPortrait;
				IPHONEOS_DEPLOYMENT_TARGET = 13.0;
				LD_RUNPATH_SEARCH_PATHS = (
					"$(inherited)",
					"@executable_path/Frameworks",
				);
				MARKETING_VERSION = 1.0;
				PRODUCT_BUNDLE_IDENTIFIER = ru.anufriev.ilya.ImageFeed;
				PRODUCT_NAME = "$(TARGET_NAME)";
				SUPPORTED_PLATFORMS = "iphoneos iphonesimulator";
				SUPPORTS_MACCATALYST = NO;
				SWIFT_EMIT_LOC_STRINGS = YES;
				SWIFT_VERSION = 5.0;
				TARGETED_DEVICE_FAMILY = 1;
			};
			name = Debug;
		};
		8400C1AB2D4B922F005DCE45 /* Release */ = {
			isa = XCBuildConfiguration;
			buildSettings = {
				ASSETCATALOG_COMPILER_APPICON_NAME = AppIcon;
				ASSETCATALOG_COMPILER_GLOBAL_ACCENT_COLOR_NAME = AccentColor;
				CODE_SIGN_STYLE = Automatic;
				CURRENT_PROJECT_VERSION = 1;
				DEVELOPMENT_TEAM = V65FFL4V3Y;
				GENERATE_INFOPLIST_FILE = YES;
				INFOPLIST_FILE = ImageFeed/Info.plist;
				INFOPLIST_KEY_UIApplicationSupportsIndirectInputEvents = YES;
				INFOPLIST_KEY_UILaunchStoryboardName = LaunchScreen;
				INFOPLIST_KEY_UIMainStoryboardFile = Main;
				INFOPLIST_KEY_UISupportedInterfaceOrientations = UIInterfaceOrientationPortrait;
				IPHONEOS_DEPLOYMENT_TARGET = 13.0;
				LD_RUNPATH_SEARCH_PATHS = (
					"$(inherited)",
					"@executable_path/Frameworks",
				);
				MARKETING_VERSION = 1.0;
				PRODUCT_BUNDLE_IDENTIFIER = ru.anufriev.ilya.ImageFeed;
				PRODUCT_NAME = "$(TARGET_NAME)";
				SUPPORTED_PLATFORMS = "iphoneos iphonesimulator";
				SUPPORTS_MACCATALYST = NO;
				SWIFT_EMIT_LOC_STRINGS = YES;
				SWIFT_VERSION = 5.0;
				TARGETED_DEVICE_FAMILY = 1;
			};
			name = Release;
		};
		844A0CB72DA1517A00498F7D /* Debug */ = {
			isa = XCBuildConfiguration;
			buildSettings = {
				BUNDLE_LOADER = "$(TEST_HOST)";
				CODE_SIGN_STYLE = Automatic;
				CURRENT_PROJECT_VERSION = 1;
				DEVELOPMENT_TEAM = V65FFL4V3Y;
				GENERATE_INFOPLIST_FILE = YES;
				IPHONEOS_DEPLOYMENT_TARGET = 17.5;
				MARKETING_VERSION = 1.0;
				PRODUCT_BUNDLE_IDENTIFIER = ru.anufriev.ilya.ImageFeedTests;
				PRODUCT_NAME = "$(TARGET_NAME)";
				SWIFT_EMIT_LOC_STRINGS = NO;
				SWIFT_VERSION = 5.0;
				TARGETED_DEVICE_FAMILY = "1,2";
				TEST_HOST = "$(BUILT_PRODUCTS_DIR)/ImageFeed.app/$(BUNDLE_EXECUTABLE_FOLDER_PATH)/ImageFeed";
			};
			name = Debug;
		};
		844A0CB82DA1517A00498F7D /* Release */ = {
			isa = XCBuildConfiguration;
			buildSettings = {
				BUNDLE_LOADER = "$(TEST_HOST)";
				CODE_SIGN_STYLE = Automatic;
				CURRENT_PROJECT_VERSION = 1;
				DEVELOPMENT_TEAM = V65FFL4V3Y;
				GENERATE_INFOPLIST_FILE = YES;
				IPHONEOS_DEPLOYMENT_TARGET = 17.5;
				MARKETING_VERSION = 1.0;
				PRODUCT_BUNDLE_IDENTIFIER = ru.anufriev.ilya.ImageFeedTests;
				PRODUCT_NAME = "$(TARGET_NAME)";
				SWIFT_EMIT_LOC_STRINGS = NO;
				SWIFT_VERSION = 5.0;
				TARGETED_DEVICE_FAMILY = "1,2";
				TEST_HOST = "$(BUILT_PRODUCTS_DIR)/ImageFeed.app/$(BUNDLE_EXECUTABLE_FOLDER_PATH)/ImageFeed";
			};
			name = Release;
		};
/* End XCBuildConfiguration section */

/* Begin XCConfigurationList section */
		8400C1902D4B922D005DCE45 /* Build configuration list for PBXProject "ImageFeed" */ = {
			isa = XCConfigurationList;
			buildConfigurations = (
				8400C1A72D4B922F005DCE45 /* Debug */,
				8400C1A82D4B922F005DCE45 /* Release */,
			);
			defaultConfigurationIsVisible = 0;
			defaultConfigurationName = Release;
		};
		8400C1A92D4B922F005DCE45 /* Build configuration list for PBXNativeTarget "ImageFeed" */ = {
			isa = XCConfigurationList;
			buildConfigurations = (
				8400C1AA2D4B922F005DCE45 /* Debug */,
				8400C1AB2D4B922F005DCE45 /* Release */,
			);
			defaultConfigurationIsVisible = 0;
			defaultConfigurationName = Release;
		};
		844A0CB62DA1517A00498F7D /* Build configuration list for PBXNativeTarget "ImageFeedTests" */ = {
			isa = XCConfigurationList;
			buildConfigurations = (
				844A0CB72DA1517A00498F7D /* Debug */,
				844A0CB82DA1517A00498F7D /* Release */,
			);
			defaultConfigurationIsVisible = 0;
			defaultConfigurationName = Release;
		};
/* End XCConfigurationList section */

/* Begin XCRemoteSwiftPackageReference section */
		843F80602D843E91001F7F22 /* XCRemoteSwiftPackageReference "Kingfisher" */ = {
			isa = XCRemoteSwiftPackageReference;
			repositoryURL = "https://github.com/onevcat/Kingfisher";
			requirement = {
				kind = upToNextMajorVersion;
				minimumVersion = 8.3.0;
			};
		};
		843F80692D87FBA3001F7F22 /* XCRemoteSwiftPackageReference "SwiftKeychainWrapper" */ = {
			isa = XCRemoteSwiftPackageReference;
			repositoryURL = "https://github.com/jrendel/SwiftKeychainWrapper";
			requirement = {
				kind = upToNextMajorVersion;
				minimumVersion = 4.0.1;
			};
		};
		84C201692D78CD6800C16FE0 /* XCRemoteSwiftPackageReference "ProgressHUD" */ = {
			isa = XCRemoteSwiftPackageReference;
			repositoryURL = "https://github.com/relatedcode/ProgressHUD";
			requirement = {
				kind = exactVersion;
				version = 14.1.3;
			};
		};
/* End XCRemoteSwiftPackageReference section */

/* Begin XCSwiftPackageProductDependency section */
		843F80672D8486A9001F7F22 /* Kingfisher */ = {
			isa = XCSwiftPackageProductDependency;
			package = 843F80602D843E91001F7F22 /* XCRemoteSwiftPackageReference "Kingfisher" */;
			productName = Kingfisher;
		};
		843F806A2D87FBA3001F7F22 /* SwiftKeychainWrapper */ = {
			isa = XCSwiftPackageProductDependency;
			package = 843F80692D87FBA3001F7F22 /* XCRemoteSwiftPackageReference "SwiftKeychainWrapper" */;
			productName = SwiftKeychainWrapper;
		};
		84C2016A2D78CD6800C16FE0 /* ProgressHUD */ = {
			isa = XCSwiftPackageProductDependency;
			package = 84C201692D78CD6800C16FE0 /* XCRemoteSwiftPackageReference "ProgressHUD" */;
			productName = ProgressHUD;
		};
/* End XCSwiftPackageProductDependency section */
	};
	rootObject = 8400C18D2D4B922D005DCE45 /* Project object */;
}
